
Microsoft Visual Studio Solution File, Format Version 12.00
# Visual Studio Version 16
VisualStudioVersion = 16.0.30804.86
MinimumVisualStudioVersion = 10.0.40219.1
Project("{9A19103F-16F7-4668-BE54-9A1E7A4F7556}") = "BIMA.WebApi", "WebApi\BIMA.WebApi.csproj", "{404F0D65-8AC1-4158-BC4F-DAE53A5045BC}"
EndProject
Project("{2150E333-8FDC-42A3-9474-1A3956D46DE8}") = "WebApi", "WebApi", "{E3A2C0E0-8AFE-4FD2-BE03-7A89730E0BDF}"
EndProject
Project("{2150E333-8FDC-42A3-9474-1A3956D46DE8}") = "Common", "Common", "{DEB74544-962D-4DF2-AABB-B002E0EF7371}"
EndProject
Project("{2150E333-8FDC-42A3-9474-1A3956D46DE8}") = "Domain", "Domain", "{05437F6A-5D01-4D1C-B8AE-3496DF9CB0B0}"
EndProject
Project("{2150E333-8FDC-42A3-9474-1A3956D46DE8}") = "Database", "Database", "{66982412-D296-44A9-95E8-4D6C844D7D53}"
EndProject
Project("{9A19103F-16F7-4668-BE54-9A1E7A4F7556}") = "BIMA.Domain.Models", "BIMA.Domain.Models\BIMA.Domain.Models.csproj", "{7687E7FE-19CC-4758-A9A3-41DDD06D4470}"
EndProject
Project("{9A19103F-16F7-4668-BE54-9A1E7A4F7556}") = "BIMA.Domain.Repository", "BIMA.Domain.Repository\BIMA.Domain.Repository.csproj", "{8A01DB0C-4B7D-4522-8B80-9DDAC3CB0D09}"
EndProject
Project("{9A19103F-16F7-4668-BE54-9A1E7A4F7556}") = "BIMA.Domain.Services", "BIMA.Domain.Services\BIMA.Domain.Services.csproj", "{8FED7B84-03D3-4EA2-81CE-E1A6ADD3F16E}"
EndProject
Project("{9A19103F-16F7-4668-BE54-9A1E7A4F7556}") = "BIMA.Common.EmailService", "BIMA.Common.EmailService\BIMA.Common.EmailService.csproj", "{11919A0A-4DD3-4EDC-A5E4-6FED6AC9C0F5}"
EndProject
Project("{9A19103F-16F7-4668-BE54-9A1E7A4F7556}") = "BIMA.Database", "BIMA.Database\BIMA.Database.csproj", "{D4157F3A-CB35-4D8C-80C6-0E5CEFBA63E7}"
EndProject
Project("{9A19103F-16F7-4668-BE54-9A1E7A4F7556}") = "BIMA.Common.Core", "BIMA.Common.Core\BIMA.Common.Core.csproj", "{2F275FEC-4684-48EC-90F8-44F7ABBB0C73}"
EndProject
Project("{9A19103F-16F7-4668-BE54-9A1E7A4F7556}") = "BIMA.Common.Middleware", "BIMA.Common.Middleware\BIMA.Common.Middleware.csproj", "{5650A028-9A2F-4E83-8DEE-FA29499D4712}"
EndProject
Project("{9A19103F-16F7-4668-BE54-9A1E7A4F7556}") = "BIMA.Domain.Mapper", "BIMA.Domain.Mapper\BIMA.Domain.Mapper.csproj", "{309006A9-0434-4ABB-86C0-0CA3A81275E7}"
EndProject
Global
	GlobalSection(SolutionConfigurationPlatforms) = preSolution
		Debug|Any CPU = Debug|Any CPU
		Release|Any CPU = Release|Any CPU
	EndGlobalSection
	GlobalSection(ProjectConfigurationPlatforms) = postSolution
		{404F0D65-8AC1-4158-BC4F-DAE53A5045BC}.Debug|Any CPU.ActiveCfg = Debug|Any CPU
		{404F0D65-8AC1-4158-BC4F-DAE53A5045BC}.Debug|Any CPU.Build.0 = Debug|Any CPU
		{404F0D65-8AC1-4158-BC4F-DAE53A5045BC}.Release|Any CPU.ActiveCfg = Release|Any CPU
		{404F0D65-8AC1-4158-BC4F-DAE53A5045BC}.Release|Any CPU.Build.0 = Release|Any CPU
		{7687E7FE-19CC-4758-A9A3-41DDD06D4470}.Debug|Any CPU.ActiveCfg = Debug|Any CPU
		{7687E7FE-19CC-4758-A9A3-41DDD06D4470}.Debug|Any CPU.Build.0 = Debug|Any CPU
		{7687E7FE-19CC-4758-A9A3-41DDD06D4470}.Release|Any CPU.ActiveCfg = Release|Any CPU
		{7687E7FE-19CC-4758-A9A3-41DDD06D4470}.Release|Any CPU.Build.0 = Release|Any CPU
		{8A01DB0C-4B7D-4522-8B80-9DDAC3CB0D09}.Debug|Any CPU.ActiveCfg = Debug|Any CPU
		{8A01DB0C-4B7D-4522-8B80-9DDAC3CB0D09}.Debug|Any CPU.Build.0 = Debug|Any CPU
		{8A01DB0C-4B7D-4522-8B80-9DDAC3CB0D09}.Release|Any CPU.ActiveCfg = Release|Any CPU
		{8A01DB0C-4B7D-4522-8B80-9DDAC3CB0D09}.Release|Any CPU.Build.0 = Release|Any CPU
		{8FED7B84-03D3-4EA2-81CE-E1A6ADD3F16E}.Debug|Any CPU.ActiveCfg = Debug|Any CPU
		{8FED7B84-03D3-4EA2-81CE-E1A6ADD3F16E}.Debug|Any CPU.Build.0 = Debug|Any CPU
		{8FED7B84-03D3-4EA2-81CE-E1A6ADD3F16E}.Release|Any CPU.ActiveCfg = Release|Any CPU
		{8FED7B84-03D3-4EA2-81CE-E1A6ADD3F16E}.Release|Any CPU.Build.0 = Release|Any CPU
		{11919A0A-4DD3-4EDC-A5E4-6FED6AC9C0F5}.Debug|Any CPU.ActiveCfg = Debug|Any CPU
		{11919A0A-4DD3-4EDC-A5E4-6FED6AC9C0F5}.Debug|Any CPU.Build.0 = Debug|Any CPU
		{11919A0A-4DD3-4EDC-A5E4-6FED6AC9C0F5}.Release|Any CPU.ActiveCfg = Release|Any CPU
		{11919A0A-4DD3-4EDC-A5E4-6FED6AC9C0F5}.Release|Any CPU.Build.0 = Release|Any CPU
		{D4157F3A-CB35-4D8C-80C6-0E5CEFBA63E7}.Debug|Any CPU.ActiveCfg = Debug|Any CPU
		{D4157F3A-CB35-4D8C-80C6-0E5CEFBA63E7}.Debug|Any CPU.Build.0 = Debug|Any CPU
		{D4157F3A-CB35-4D8C-80C6-0E5CEFBA63E7}.Release|Any CPU.ActiveCfg = Release|Any CPU
		{D4157F3A-CB35-4D8C-80C6-0E5CEFBA63E7}.Release|Any CPU.Build.0 = Release|Any CPU
		{2F275FEC-4684-48EC-90F8-44F7ABBB0C73}.Debug|Any CPU.ActiveCfg = Debug|Any CPU
		{2F275FEC-4684-48EC-90F8-44F7ABBB0C73}.Debug|Any CPU.Build.0 = Debug|Any CPU
		{2F275FEC-4684-48EC-90F8-44F7ABBB0C73}.Release|Any CPU.ActiveCfg = Release|Any CPU
		{2F275FEC-4684-48EC-90F8-44F7ABBB0C73}.Release|Any CPU.Build.0 = Release|Any CPU
		{5650A028-9A2F-4E83-8DEE-FA29499D4712}.Debug|Any CPU.ActiveCfg = Debug|Any CPU
		{5650A028-9A2F-4E83-8DEE-FA29499D4712}.Debug|Any CPU.Build.0 = Debug|Any CPU
		{5650A028-9A2F-4E83-8DEE-FA29499D4712}.Release|Any CPU.ActiveCfg = Release|Any CPU
		{5650A028-9A2F-4E83-8DEE-FA29499D4712}.Release|Any CPU.Build.0 = Release|Any CPU
		{309006A9-0434-4ABB-86C0-0CA3A81275E7}.Debug|Any CPU.ActiveCfg = Debug|Any CPU
		{309006A9-0434-4ABB-86C0-0CA3A81275E7}.Debug|Any CPU.Build.0 = Debug|Any CPU
		{309006A9-0434-4ABB-86C0-0CA3A81275E7}.Release|Any CPU.ActiveCfg = Release|Any CPU
		{309006A9-0434-4ABB-86C0-0CA3A81275E7}.Release|Any CPU.Build.0 = Release|Any CPU
	EndGlobalSection
	GlobalSection(SolutionProperties) = preSolution
		HideSolutionNode = FALSE
	EndGlobalSection
	GlobalSection(NestedProjects) = preSolution
		{404F0D65-8AC1-4158-BC4F-DAE53A5045BC} = {E3A2C0E0-8AFE-4FD2-BE03-7A89730E0BDF}
		{7687E7FE-19CC-4758-A9A3-41DDD06D4470} = {05437F6A-5D01-4D1C-B8AE-3496DF9CB0B0}
		{8A01DB0C-4B7D-4522-8B80-9DDAC3CB0D09} = {05437F6A-5D01-4D1C-B8AE-3496DF9CB0B0}
		{8FED7B84-03D3-4EA2-81CE-E1A6ADD3F16E} = {05437F6A-5D01-4D1C-B8AE-3496DF9CB0B0}
		{11919A0A-4DD3-4EDC-A5E4-6FED6AC9C0F5} = {DEB74544-962D-4DF2-AABB-B002E0EF7371}
		{D4157F3A-CB35-4D8C-80C6-0E5CEFBA63E7} = {66982412-D296-44A9-95E8-4D6C844D7D53}
		{2F275FEC-4684-48EC-90F8-44F7ABBB0C73} = {DEB74544-962D-4DF2-AABB-B002E0EF7371}
		{5650A028-9A2F-4E83-8DEE-FA29499D4712} = {DEB74544-962D-4DF2-AABB-B002E0EF7371}
		{309006A9-0434-4ABB-86C0-0CA3A81275E7} = {05437F6A-5D01-4D1C-B8AE-3496DF9CB0B0}
	EndGlobalSection
	GlobalSection(ExtensibilityGlobals) = postSolution
		SolutionGuid = {4D69F451-A2C4-4B65-8989-E71933372210}
	EndGlobalSection
EndGlobal
